
Microsoft Visual Studio Solution File, Format Version 12.00
# Visual Studio Version 17
VisualStudioVersion = 17.11.35312.102
MinimumVisualStudioVersion = 10.0.40219.1
Project("{9A19103F-16F7-4668-BE54-9A1E7A4F7556}") = "RecruitmentAPI", "RecruitmentAPI\RecruitmentAPI.csproj", "{2F18F9BE-3477-41A8-8815-52631B21ED09}"
EndProject
Project("{9A19103F-16F7-4668-BE54-9A1E7A4F7556}") = "Application", "Application\Application.csproj", "{C0118A7B-9036-446B-B71C-EDFFE58A100E}"
EndProject
Project("{FAE04EC0-301F-11D3-BF4B-00C04F79EFBC}") = "DataAccess", "DataAccess\DataAccess.csproj", "{B0E1F31C-3509-48FD-B1BC-C77AF6007AA5}"
EndProject
Project("{FAE04EC0-301F-11D3-BF4B-00C04F79EFBC}") = "Domain", "Domain\Domain.csproj", "{0A3848D7-14B7-4C9D-96F9-8F8EED4E8016}"
EndProject
Global
	GlobalSection(SolutionConfigurationPlatforms) = preSolution
		Debug|Any CPU = Debug|Any CPU
		Release|Any CPU = Release|Any CPU
	EndGlobalSection
	GlobalSection(ProjectConfigurationPlatforms) = postSolution
		{2F18F9BE-3477-41A8-8815-52631B21ED09}.Debug|Any CPU.ActiveCfg = Debug|Any CPU
		{2F18F9BE-3477-41A8-8815-52631B21ED09}.Debug|Any CPU.Build.0 = Debug|Any CPU
		{2F18F9BE-3477-41A8-8815-52631B21ED09}.Release|Any CPU.ActiveCfg = Release|Any CPU
		{2F18F9BE-3477-41A8-8815-52631B21ED09}.Release|Any CPU.Build.0 = Release|Any CPU
		{C0118A7B-9036-446B-B71C-EDFFE58A100E}.Debug|Any CPU.ActiveCfg = Debug|Any CPU
		{C0118A7B-9036-446B-B71C-EDFFE58A100E}.Debug|Any CPU.Build.0 = Debug|Any CPU
		{C0118A7B-9036-446B-B71C-EDFFE58A100E}.Release|Any CPU.ActiveCfg = Release|Any CPU
		{C0118A7B-9036-446B-B71C-EDFFE58A100E}.Release|Any CPU.Build.0 = Release|Any CPU
		{B0E1F31C-3509-48FD-B1BC-C77AF6007AA5}.Debug|Any CPU.ActiveCfg = Debug|Any CPU
		{B0E1F31C-3509-48FD-B1BC-C77AF6007AA5}.Debug|Any CPU.Build.0 = Debug|Any CPU
		{B0E1F31C-3509-48FD-B1BC-C77AF6007AA5}.Release|Any CPU.ActiveCfg = Release|Any CPU
		{B0E1F31C-3509-48FD-B1BC-C77AF6007AA5}.Release|Any CPU.Build.0 = Release|Any CPU
		{0A3848D7-14B7-4C9D-96F9-8F8EED4E8016}.Debug|Any CPU.ActiveCfg = Debug|Any CPU
		{0A3848D7-14B7-4C9D-96F9-8F8EED4E8016}.Debug|Any CPU.Build.0 = Debug|Any CPU
		{0A3848D7-14B7-4C9D-96F9-8F8EED4E8016}.Release|Any CPU.ActiveCfg = Release|Any CPU
		{0A3848D7-14B7-4C9D-96F9-8F8EED4E8016}.Release|Any CPU.Build.0 = Release|Any CPU
	EndGlobalSection
	GlobalSection(SolutionProperties) = preSolution
		HideSolutionNode = FALSE
	EndGlobalSection
	GlobalSection(ExtensibilityGlobals) = postSolution
		SolutionGuid = {A88B0B74-EF00-4616-BFEB-5672E0D31609}
	EndGlobalSection
EndGlobal
